# This file was autogenerated by Stack.
# You should not edit this file by hand.
# For more information, please see the documentation at:
#   https://docs.haskellstack.org/en/stable/topics/lock_files

packages:
- completed:
    hackage: blaze-htmx-0.1.0.0@sha256:cfd799bf5e0693879ad175168f6c78d45cb8f543428fa374f6ffb62fbc8dc52f,1327
    pantry-tree:
      sha256: cb241d2dbe5bf54c3b37adf4b34284f766c6d6a6f408e8af9e0ad6be01c89f8c
      size: 473
  original:
    hackage: blaze-htmx-0.1.0.0@sha256:cfd799bf5e0693879ad175168f6c78d45cb8f543428fa374f6ffb62fbc8dc52f,1327
snapshots:
- completed:
    sha256: e9e41fa6ceba9911de922014632ed66aa6f87af0cf92fc54f0e1835176a5be06
    size: 732456
    url: https://raw.githubusercontent.com/commercialhaskell/stackage-snapshots/master/lts/24/45.yaml
  original:
    url: https://raw.githubusercontent.com/commercialhaskell/stackage-snapshots/master/lts/24/45.yaml
